// !$*UTF8*$!
{
	archiveVersion = 1;
	classes = {
	};
	objectVersion = 50;
	objects = {

/* Begin PBXBuildFile section */
		58AD76EC21EF15A800547EDC /* AppDelegate.swift in Sources */ = {isa = PBXBuildFile; fileRef = 58AD76EB21EF15A800547EDC /* AppDelegate.swift */; };
		58AD76EE21EF15A800547EDC /* ViewController.swift in Sources */ = {isa = PBXBuildFile; fileRef = 58AD76ED21EF15A800547EDC /* ViewController.swift */; };
		58AD76F121EF15A800547EDC /* Main.storyboard in Resources */ = {isa = PBXBuildFile; fileRef = 58AD76EF21EF15A800547EDC /* Main.storyboard */; };
		58AD76F421EF15A800547EDC /* CoreDataX2.xcdatamodeld in Sources */ = {isa = PBXBuildFile; fileRef = 58AD76F221EF15A800547EDC /* CoreDataX2.xcdatamodeld */; };
		58AD76F621EF15A800547EDC /* Assets.xcassets in Resources */ = {isa = PBXBuildFile; fileRef = 58AD76F521EF15A800547EDC /* Assets.xcassets */; };
		58AD76F921EF15A800547EDC /* LaunchScreen.storyboard in Resources */ = {isa = PBXBuildFile; fileRef = 58AD76F721EF15A800547EDC /* LaunchScreen.storyboard */; };
/* End PBXBuildFile section */

/* Begin PBXFileReference section */
		58AD76E821EF15A800547EDC /* CoreDataX2.app */ = {isa = PBXFileReference; explicitFileType = wrapper.application; includeInIndex = 0; path = CoreDataX2.app; sourceTree = BUILT_PRODUCTS_DIR; };
		58AD76EB21EF15A800547EDC /* AppDelegate.swift */ = {isa = PBXFileReference; lastKnownFileType = sourcecode.swift; path = AppDelegate.swift; sourceTree = "<group>"; };
		58AD76ED21EF15A800547EDC /* ViewController.swift */ = {isa = PBXFileReference; lastKnownFileType = sourcecode.swift; path = ViewController.swift; sourceTree = "<group>"; };
		58AD76F021EF15A800547EDC /* Base */ = {isa = PBXFileReference; lastKnownFileType = file.storyboard; name = Base; path = Base.lproj/Main.storyboard; sourceTree = "<group>"; };
		58AD76F321EF15A800547EDC /* CoreDataX2.xcdatamodel */ = {isa = PBXFileReference; lastKnownFileType = wrapper.xcdatamodel; path = CoreDataX2.xcdatamodel; sourceTree = "<group>"; };
		58AD76F521EF15A800547EDC /* Assets.xcassets */ = {isa = PBXFileReference; lastKnownFileType = folder.assetcatalog; path = Assets.xcassets; sourceTree = "<group>"; };
		58AD76F821EF15A800547EDC /* Base */ = {isa = PBXFileReference; lastKnownFileType = file.storyboard; name = Base; path = Base.lproj/LaunchScreen.storyboard; sourceTree = "<group>"; };
		58AD76FA21EF15A800547EDC /* Info.plist */ = {isa = PBXFileReference; lastKnownFileType = text.plist.xml; path = Info.plist; sourceTree = "<group>"; };
/* End PBXFileReference section */

/* Begin PBXFrameworksBuildPhase section */
		58AD76E521EF15A800547EDC /* Frameworks */ = {
			isa = PBXFrameworksBuildPhase;
			buildActionMask = 2147483647;
			files = (
			);
			runOnlyForDeploymentPostprocessing = 0;
		};
/* End PBXFrameworksBuildPhase section */

/* Begin PBXGroup section */
		58AD76DF21EF15A800547EDC = {
			isa = PBXGroup;
			children = (
				58AD76EA21EF15A800547EDC /* CoreDataX2 */,
				58AD76E921EF15A800547EDC /* Products */,
			);
			sourceTree = "<group>";
		};
		58AD76E921EF15A800547EDC /* Products */ = {
			isa = PBXGroup;
			children = (
				58AD76E821EF15A800547EDC /* CoreDataX2.app */,
			);
			name = Products;
			sourceTree = "<group>";
		};
		58AD76EA21EF15A800547EDC /* CoreDataX2 */ = {
			isa = PBXGroup;
			children = (
				58AD76EB21EF15A800547EDC /* AppDelegate.swift */,
				58AD76ED21EF15A800547EDC /* ViewController.swift */,
				58AD76EF21EF15A800547EDC /* Main.storyboard */,
				58AD76F521EF15A800547EDC /* Assets.xcassets */,
				58AD76F721EF15A800547EDC /* LaunchScreen.storyboard */,
				58AD76FA21EF15A800547EDC /* Info.plist */,
				58AD76F221EF15A800547EDC /* CoreDataX2.xcdatamodeld */,
			);
			path = CoreDataX2;
			sourceTree = "<group>";
		};
/* End PBXGroup section */

/* Begin PBXNativeTarget section */
		58AD76E721EF15A800547EDC /* CoreDataX2 */ = {
			isa = PBXNativeTarget;
			buildConfigurationList = 58AD76FD21EF15A800547EDC /* Build configuration list for PBXNativeTarget "CoreDataX2" */;
			buildPhases = (
				58AD76E421EF15A800547EDC /* Sources */,
				58AD76E521EF15A800547EDC /* Frameworks */,
				58AD76E621EF15A800547EDC /* Resources */,
			);
			buildRules = (
			);
			dependencies = (
			);
			name = CoreDataX2;
			productName = CoreDataX2;
			productReference = 58AD76E821EF15A800547EDC /* CoreDataX2.app */;
			productType = "com.apple.product-type.application";
		};
/* End PBXNativeTarget section */

/* Begin PBXProject section */
		58AD76E021EF15A800547EDC /* Project object */ = {
			isa = PBXProject;
			attributes = {
				LastSwiftUpdateCheck = 1010;
				LastUpgradeCheck = 1010;
				ORGANIZATIONNAME = Ice;
				TargetAttributes = {
					58AD76E721EF15A800547EDC = {
						CreatedOnToolsVersion = 10.1;
					};
				};
			};
			buildConfigurationList = 58AD76E321EF15A800547EDC /* Build configuration list for PBXProject "CoreDataX2" */;
			compatibilityVersion = "Xcode 9.3";
			developmentRegion = en;
			hasScannedForEncodings = 0;
			knownRegions = (
				en,
				Base,
			);
			mainGroup = 58AD76DF21EF15A800547EDC;
			productRefGroup = 58AD76E921EF15A800547EDC /* Products */;
			projectDirPath = "";
			projectRoot = "";
			targets = (
				58AD76E721EF15A800547EDC /* CoreDataX2 */,
			);
		};
/* End PBXProject section */

/* Begin PBXResourcesBuildPhase section */
		58AD76E621EF15A800547EDC /* Resources */ = {
			isa = PBXResourcesBuildPhase;
			buildActionMask = 2147483647;
			files = (
				58AD76F921EF15A800547EDC /* LaunchScreen.storyboard in Resources */,
				58AD76F621EF15A800547EDC /* Assets.xcassets in Resources */,
				58AD76F121EF15A800547EDC /* Main.storyboard in Resources */,
			);
			runOnlyForDeploymentPostprocessing = 0;
		};
/* End PBXResourcesBuildPhase section */

/* Begin PBXSourcesBuildPhase section */
		58AD76E421EF15A800547EDC /* Sources */ = {
			isa = PBXSourcesBuildPhase;
			buildActionMask = 2147483647;
			files = (
				58AD76EE21EF15A800547EDC /* ViewController.swift in Sources */,
				58AD76F421EF15A800547EDC /* CoreDataX2.xcdatamodeld in Sources */,
				58AD76EC21EF15A800547EDC /* AppDelegate.swift in Sources */,
			);
			runOnlyForDeploymentPostprocessing = 0;
		};
/* End PBXSourcesBuildPhase section */

/* Begin PBXVariantGroup section */
		58AD76EF21EF15A800547EDC /* Main.storyboard */ = {
			isa = PBXVariantGroup;
			children = (
				58AD76F021EF15A800547EDC /* Base */,
			);
			name = Main.storyboard;
			sourceTree = "<group>";
		};
		58AD76F721EF15A800547EDC /* LaunchScreen.storyboard */ = {
			isa = PBXVariantGroup;
			children = (
				58AD76F821EF15A800547EDC /* Base */,
			);
			name = LaunchScreen.storyboard;
			sourceTree = "<group>";
		};
/* End PBXVariantGroup section */

/* Begin XCBuildConfiguration section */
		58AD76FB21EF15A800547EDC /* Debug */ = {
			isa = XCBuildConfiguration;
			buildSettings = {
				ALWAYS_SEARCH_USER_PATHS = NO;
				CLANG_ANALYZER_NONNULL = YES;
				CLANG_ANALYZER_NUMBER_OBJECT_CONVERSION = YES_AGGRESSIVE;
				CLANG_CXX_LANGUAGE_STANDARD = "gnu++14";
				CLANG_CXX_LIBRARY = "libc++";
				CLANG_ENABLE_MODULES = YES;
				CLANG_ENABLE_OBJC_ARC = YES;
				CLANG_ENABLE_OBJC_WEAK = YES;
				CLANG_WARN_BLOCK_CAPTURE_AUTORELEASING = YES;
				CLANG_WARN_BOOL_CONVERSION = YES;
				CLANG_WARN_COMMA = YES;
				CLANG_WARN_CONSTANT_CONVERSION = YES;
				CLANG_WARN_DEPRECATED_OBJC_IMPLEMENTATIONS = YES;
				CLANG_WARN_DIRECT_OBJC_ISA_USAGE = YES_ERROR;
				CLANG_WARN_DOCUMENTATION_COMMENTS = YES;
				CLANG_WARN_EMPTY_BODY = YES;
				CLANG_WARN_ENUM_CONVERSION = YES;
				CLANG_WARN_INFINITE_RECURSION = YES;
				CLANG_WARN_INT_CONVERSION = YES;
				CLANG_WARN_NON_LITERAL_NULL_CONVERSION = YES;
				CLANG_WARN_OBJC_IMPLICIT_RETAIN_SELF = YES;
				CLANG_WARN_OBJC_LITERAL_CONVERSION = YES;
				CLANG_WARN_OBJC_ROOT_CLASS = YES_ERROR;
				CLANG_WARN_RANGE_LOOP_ANALYSIS = YES;
				CLANG_WARN_STRICT_PROTOTYPES = YES;
				CLANG_WARN_SUSPICIOUS_MOVE = YES;
				CLANG_WARN_UNGUARDED_AVAILABILITY = YES_AGGRESSIVE;
				CLANG_WARN_UNREACHABLE_CODE = YES;
				CLANG_WARN__DUPLICATE_METHOD_MATCH = YES;
				CODE_SIGN_IDENTITY = "iPhone Developer";
				COPY_PHASE_STRIP = NO;
				DEBUG_INFORMATION_FORMAT = dwarf;
				ENABLE_STRICT_OBJC_MSGSEND = YES;
				ENABLE_TESTABILITY = YES;
				GCC_C_LANGUAGE_STANDARD = gnu11;
				GCC_DYNAMIC_NO_PIC = NO;
				GCC_NO_COMMON_BLOCKS = YES;
				GCC_OPTIMIZATION_LEVEL = 0;
				GCC_PREPROCESSOR_DEFINITIONS = (
					"DEBUG=1",
					"$(inherited)",
				);
				GCC_WARN_64_TO_32_BIT_CONVERSION = YES;
				GCC_WARN_ABOUT_RETURN_TYPE = YES_ERROR;
				GCC_WARN_UNDECLARED_SELECTOR = YES;
				GCC_WARN_UNINITIALIZED_AUTOS = YES_AGGRESSIVE;
				GCC_WARN_UNUSED_FUNCTION = YES;
				GCC_WARN_UNUSED_VARIABLE = YES;
				IPHONEOS_DEPLOYMENT_TARGET = 12.1;
				MTL_ENABLE_DEBUG_INFO = INCLUDE_SOURCE;
				MTL_FAST_MATH = YES;
				ONLY_ACTIVE_ARCH = YES;
				SDKROOT = iphoneos;
				SWIFT_ACTIVE_COMPILATION_CONDITIONS = DEBUG;
				SWIFT_OPTIMIZATION_LEVEL = "-Onone";
			};
			name = Debug;
		};
		58AD76FC21EF15A800547EDC /* Release */ = {
			isa = XCBuildConfiguration;
			buildSettings = {
				ALWAYS_SEARCH_USER_PATHS = NO;
				CLANG_ANALYZER_NONNULL = YES;
				CLANG_ANALYZER_NUMBER_OBJECT_CONVERSION = YES_AGGRESSIVE;
				CLANG_CXX_LANGUAGE_STANDARD = "gnu++14";
				CLANG_CXX_LIBRARY = "libc++";
				CLANG_ENABLE_MODULES = YES;
				CLANG_ENABLE_OBJC_ARC = YES;
				CLANG_ENABLE_OBJC_WEAK = YES;
				CLANG_WARN_BLOCK_CAPTURE_AUTORELEASING = YES;
				CLANG_WARN_BOOL_CONVERSION = YES;
				CLANG_WARN_COMMA = YES;
				CLANG_WARN_CONSTANT_CONVERSION = YES;
				CLANG_WARN_DEPRECATED_OBJC_IMPLEMENTATIONS = YES;
				CLANG_WARN_DIRECT_OBJC_ISA_USAGE = YES_ERROR;
				CLANG_WARN_DOCUMENTATION_COMMENTS = YES;
				CLANG_WARN_EMPTY_BODY = YES;
				CLANG_WARN_ENUM_CONVERSION = YES;
				CLANG_WARN_INFINITE_RECURSION = YES;
				CLANG_WARN_INT_CONVERSION = YES;
				CLANG_WARN_NON_LITERAL_NULL_CONVERSION = YES;
				CLANG_WARN_OBJC_IMPLICIT_RETAIN_SELF = YES;
				CLANG_WARN_OBJC_LITERAL_CONVERSION = YES;
				CLANG_WARN_OBJC_ROOT_CLASS = YES_ERROR;
				CLANG_WARN_RANGE_LOOP_ANALYSIS = YES;
				CLANG_WARN_STRICT_PROTOTYPES = YES;
				CLANG_WARN_SUSPICIOUS_MOVE = YES;
				CLANG_WARN_UNGUARDED_AVAILABILITY = YES_AGGRESSIVE;
				CLANG_WARN_UNREACHABLE_CODE = YES;
				CLANG_WARN__DUPLICATE_METHOD_MATCH = YES;
				CODE_SIGN_IDENTITY = "iPhone Developer";
				COPY_PHASE_STRIP = NO;
				DEBUG_INFORMATION_FORMAT = "dwarf-with-dsym";
				ENABLE_NS_ASSERTIONS = NO;
				ENABLE_STRICT_OBJC_MSGSEND = YES;
				GCC_C_LANGUAGE_STANDARD = gnu11;
				GCC_NO_COMMON_BLOCKS = YES;
				GCC_WARN_64_TO_32_BIT_CONVERSION = YES;
				GCC_WARN_ABOUT_RETURN_TYPE = YES_ERROR;
				GCC_WARN_UNDECLARED_SELECTOR = YES;
				GCC_WARN_UNINITIALIZED_AUTOS = YES_AGGRESSIVE;
				GCC_WARN_UNUSED_FUNCTION = YES;
				GCC_WARN_UNUSED_VARIABLE = YES;
				IPHONEOS_DEPLOYMENT_TARGET = 12.1;
				MTL_ENABLE_DEBUG_INFO = NO;
				MTL_FAST_MATH = YES;
				SDKROOT = iphoneos;
				SWIFT_COMPILATION_MODE = wholemodule;
				SWIFT_OPTIMIZATION_LEVEL = "-O";
				VALIDATE_PRODUCT = YES;
			};
			name = Release;
		};
		58AD76FE21EF15A800547EDC /* Debug */ = {
			isa = XCBuildConfiguration;
			buildSettings = {
				ASSETCATALOG_COMPILER_APPICON_NAME = AppIcon;
				CODE_SIGN_STYLE = Automatic;
				INFOPLIST_FILE = CoreDataX2/Info.plist;
				LD_RUNPATH_SEARCH_PATHS = (
					"$(inherited)",
					"@executable_path/Frameworks",
				);
				PRODUCT_BUNDLE_IDENTIFIER = com.intapp.CoreDataX2;
				PRODUCT_NAME = "$(TARGET_NAME)";
				SWIFT_VERSION = 4.2;
				TARGETED_DEVICE_FAMILY = "1,2";
			};
			name = Debug;
		};
		58AD76FF21EF15A800547EDC /* Release */ = {
			isa = XCBuildConfiguration;
			buildSettings = {
				ASSETCATALOG_COMPILER_APPICON_NAME = AppIcon;
				CODE_SIGN_STYLE = Automatic;
				INFOPLIST_FILE = CoreDataX2/Info.plist;
				LD_RUNPATH_SEARCH_PATHS = (
					"$(inherited)",
					"@executable_path/Frameworks",
				);
				PRODUCT_BUNDLE_IDENTIFIER = com.intapp.CoreDataX2;
				PRODUCT_NAME = "$(TARGET_NAME)";
				SWIFT_VERSION = 4.2;
				TARGETED_DEVICE_FAMILY = "1,2";
			};
			name = Release;
		};
/* End XCBuildConfiguration section */

/* Begin XCConfigurationList section */
		58AD76E321EF15A800547EDC /* Build configuration list for PBXProject "CoreDataX2" */ = {
			isa = XCConfigurationList;
			buildConfigurations = (
				58AD76FB21EF15A800547EDC /* Debug */,
				58AD76FC21EF15A800547EDC /* Release */,
			);
			defaultConfigurationIsVisible = 0;
			defaultConfigurationName = Release;
		};
		58AD76FD21EF15A800547EDC /* Build configuration list for PBXNativeTarget "CoreDataX2" */ = {
			isa = XCConfigurationList;
			buildConfigurations = (
				58AD76FE21EF15A800547EDC /* Debug */,
				58AD76FF21EF15A800547EDC /* Release */,
			);
			defaultConfigurationIsVisible = 0;
			defaultConfigurationName = Release;
		};
/* End XCConfigurationList section */

/* Begin XCVersionGroup section */
		58AD76F221EF15A800547EDC /* CoreDataX2.xcdatamodeld */ = {
			isa = XCVersionGroup;
			children = (
				58AD76F321EF15A800547EDC /* CoreDataX2.xcdatamodel */,
			);
			currentVersion = 58AD76F321EF15A800547EDC /* CoreDataX2.xcdatamodel */;
			path = CoreDataX2.xcdatamodeld;
			sourceTree = "<group>";
			versionGroupType = wrapper.xcdatamodel;
		};
/* End XCVersionGroup section */
	};
	rootObject = 58AD76E021EF15A800547EDC /* Project object */;
}
